# THIS IS AN AUTOGENERATED FILE. DO NOT EDIT THIS FILE DIRECTLY.
# yarn lockfile v1


"@vant/weapp@^1.5.0":
  version "1.5.0"
  resolved "https://registry.npm.taobao.org/@vant/weapp/download/@vant/weapp-1.5.0.tgz#18b0b77ee8133eb53ffd6c1ed9cf70c51d24e736"
  integrity sha1-GLC3fugTPrU//Wwe2c9wxR0k5zY=
